{
  "name": "pa1a",
  "version": "0.0.1",
  "lockfileVersion": 3,
  "requires": true,
  "packages": {
    "": {
      "name": "pa1a",
      "version": "0.0.1",
      "license": "UNLICENSED",
      "dependencies": {
        "immutable": "^4.2.2"
      }
    },
    "node_modules/immutable": {
      "version": "4.2.3",
      "resolved": "https://registry.npmjs.org/immutable/-/immutable-4.2.3.tgz",
      "integrity": "sha512-IHpmvaOIX4VLJwPOuQr1NpeBr2ZG6vpIj3blsLVxXRWJscLioaJRStqC+NcBsLeCDsnGlPpXd5/WZmnE7MbsKA=="
    }
  }
}
